
Microsoft Visual Studio Solution File, Format Version 12.00
# Visual Studio Version 17
VisualStudioVersion = 17.8.34316.72
MinimumVisualStudioVersion = 10.0.40219.1
Project("{2150E333-8FDC-42A3-9474-1A3956D46DE8}") = "src", "src", "{BF2ED3F7-1BFF-45BF-A357-A633414EC348}"
EndProject
Project("{2150E333-8FDC-42A3-9474-1A3956D46DE8}") = "GameGate.Authorization", "GameGate.Authorization", "{78CF443F-A86E-4916-8E38-BCB127868C2A}"
EndProject
Project("{9A19103F-16F7-4668-BE54-9A1E7A4F7556}") = "Application", "src\GameGate.Authorization\Application\Application.csproj", "{B1573E3A-0AFE-40B6-8D14-1FE1B0EFB1AE}"
EndProject
Project("{9A19103F-16F7-4668-BE54-9A1E7A4F7556}") = "Domain", "src\GameGate.Authorization\Domain\Domain.csproj", "{37B0BAFC-F9C3-4139-9150-4F4E3151029D}"
EndProject
Project("{9A19103F-16F7-4668-BE54-9A1E7A4F7556}") = "Infrastructure", "src\GameGate.Authorization\Infrastructure\Infrastructure.csproj", "{332DCB7C-A0B8-4130-BDFB-46EEB258D64F}"
EndProject
Project("{9A19103F-16F7-4668-BE54-9A1E7A4F7556}") = "Web", "src\GameGate.Authorization\Web\Web.csproj", "{633E478D-8384-459D-B7F9-8FE168415E03}"
EndProject
Project("{9A19103F-16F7-4668-BE54-9A1E7A4F7556}") = "Presentation", "src\GameGate.Authorization\Presentation\Presentation.csproj", "{DB51E3AC-A7A2-41E7-9DDB-E0685972A5C0}"
EndProject
Project("{2150E333-8FDC-42A3-9474-1A3956D46DE8}") = "GameGate.Games", "GameGate.Games", "{09C08D4D-DD37-4018-93C6-995D9BDFCED5}"
EndProject
Project("{FAE04EC0-301F-11D3-BF4B-00C04F79EFBC}") = "Domain", "src\GameGate.Games\Domain\Domain.csproj", "{CAE184FD-74F8-4EE1-AE45-A311D29B9167}"
EndProject
Project("{FAE04EC0-301F-11D3-BF4B-00C04F79EFBC}") = "Application", "src\GameGate.Games\Application\Application.csproj", "{4868F492-EA29-4ECD-A53F-C8924491C1E6}"
EndProject
Project("{FAE04EC0-301F-11D3-BF4B-00C04F79EFBC}") = "Infrastructure", "src\GameGate.Games\Infrastructure\Infrastructure.csproj", "{B7C2E615-D24E-40A9-87A5-8991F39FF8DD}"
EndProject
Project("{FAE04EC0-301F-11D3-BF4B-00C04F79EFBC}") = "Presentation", "src\GameGate.Games\Presentation\Presentation.csproj", "{25DC8EFD-DB02-4736-BD21-398973325763}"
EndProject
Project("{FAE04EC0-301F-11D3-BF4B-00C04F79EFBC}") = "Web", "src\GameGate.Games\Web\Web\Web.csproj", "{170D64A4-EEC6-4923-93DF-3FA269F7106E}"
EndProject
Global
	GlobalSection(SolutionConfigurationPlatforms) = preSolution
		Debug|Any CPU = Debug|Any CPU
		Release|Any CPU = Release|Any CPU
	EndGlobalSection
	GlobalSection(ProjectConfigurationPlatforms) = postSolution
		{B1573E3A-0AFE-40B6-8D14-1FE1B0EFB1AE}.Debug|Any CPU.ActiveCfg = Debug|Any CPU
		{B1573E3A-0AFE-40B6-8D14-1FE1B0EFB1AE}.Debug|Any CPU.Build.0 = Debug|Any CPU
		{B1573E3A-0AFE-40B6-8D14-1FE1B0EFB1AE}.Release|Any CPU.ActiveCfg = Release|Any CPU
		{B1573E3A-0AFE-40B6-8D14-1FE1B0EFB1AE}.Release|Any CPU.Build.0 = Release|Any CPU
		{37B0BAFC-F9C3-4139-9150-4F4E3151029D}.Debug|Any CPU.ActiveCfg = Debug|Any CPU
		{37B0BAFC-F9C3-4139-9150-4F4E3151029D}.Debug|Any CPU.Build.0 = Debug|Any CPU
		{37B0BAFC-F9C3-4139-9150-4F4E3151029D}.Release|Any CPU.ActiveCfg = Release|Any CPU
		{37B0BAFC-F9C3-4139-9150-4F4E3151029D}.Release|Any CPU.Build.0 = Release|Any CPU
		{332DCB7C-A0B8-4130-BDFB-46EEB258D64F}.Debug|Any CPU.ActiveCfg = Debug|Any CPU
		{332DCB7C-A0B8-4130-BDFB-46EEB258D64F}.Debug|Any CPU.Build.0 = Debug|Any CPU
		{332DCB7C-A0B8-4130-BDFB-46EEB258D64F}.Release|Any CPU.ActiveCfg = Release|Any CPU
		{332DCB7C-A0B8-4130-BDFB-46EEB258D64F}.Release|Any CPU.Build.0 = Release|Any CPU
		{633E478D-8384-459D-B7F9-8FE168415E03}.Debug|Any CPU.ActiveCfg = Debug|Any CPU
		{633E478D-8384-459D-B7F9-8FE168415E03}.Debug|Any CPU.Build.0 = Debug|Any CPU
		{633E478D-8384-459D-B7F9-8FE168415E03}.Release|Any CPU.ActiveCfg = Release|Any CPU
		{633E478D-8384-459D-B7F9-8FE168415E03}.Release|Any CPU.Build.0 = Release|Any CPU
		{DB51E3AC-A7A2-41E7-9DDB-E0685972A5C0}.Debug|Any CPU.ActiveCfg = Debug|Any CPU
		{DB51E3AC-A7A2-41E7-9DDB-E0685972A5C0}.Debug|Any CPU.Build.0 = Debug|Any CPU
		{DB51E3AC-A7A2-41E7-9DDB-E0685972A5C0}.Release|Any CPU.ActiveCfg = Release|Any CPU
		{DB51E3AC-A7A2-41E7-9DDB-E0685972A5C0}.Release|Any CPU.Build.0 = Release|Any CPU
		{CAE184FD-74F8-4EE1-AE45-A311D29B9167}.Debug|Any CPU.ActiveCfg = Debug|Any CPU
		{CAE184FD-74F8-4EE1-AE45-A311D29B9167}.Debug|Any CPU.Build.0 = Debug|Any CPU
		{CAE184FD-74F8-4EE1-AE45-A311D29B9167}.Release|Any CPU.ActiveCfg = Release|Any CPU
		{CAE184FD-74F8-4EE1-AE45-A311D29B9167}.Release|Any CPU.Build.0 = Release|Any CPU
		{4868F492-EA29-4ECD-A53F-C8924491C1E6}.Debug|Any CPU.ActiveCfg = Debug|Any CPU
		{4868F492-EA29-4ECD-A53F-C8924491C1E6}.Debug|Any CPU.Build.0 = Debug|Any CPU
		{4868F492-EA29-4ECD-A53F-C8924491C1E6}.Release|Any CPU.ActiveCfg = Release|Any CPU
		{4868F492-EA29-4ECD-A53F-C8924491C1E6}.Release|Any CPU.Build.0 = Release|Any CPU
		{B7C2E615-D24E-40A9-87A5-8991F39FF8DD}.Debug|Any CPU.ActiveCfg = Debug|Any CPU
		{B7C2E615-D24E-40A9-87A5-8991F39FF8DD}.Debug|Any CPU.Build.0 = Debug|Any CPU
		{B7C2E615-D24E-40A9-87A5-8991F39FF8DD}.Release|Any CPU.ActiveCfg = Release|Any CPU
		{B7C2E615-D24E-40A9-87A5-8991F39FF8DD}.Release|Any CPU.Build.0 = Release|Any CPU
		{25DC8EFD-DB02-4736-BD21-398973325763}.Debug|Any CPU.ActiveCfg = Debug|Any CPU
		{25DC8EFD-DB02-4736-BD21-398973325763}.Debug|Any CPU.Build.0 = Debug|Any CPU
		{25DC8EFD-DB02-4736-BD21-398973325763}.Release|Any CPU.ActiveCfg = Release|Any CPU
		{25DC8EFD-DB02-4736-BD21-398973325763}.Release|Any CPU.Build.0 = Release|Any CPU
		{170D64A4-EEC6-4923-93DF-3FA269F7106E}.Debug|Any CPU.ActiveCfg = Debug|Any CPU
		{170D64A4-EEC6-4923-93DF-3FA269F7106E}.Debug|Any CPU.Build.0 = Debug|Any CPU
		{170D64A4-EEC6-4923-93DF-3FA269F7106E}.Release|Any CPU.ActiveCfg = Release|Any CPU
		{170D64A4-EEC6-4923-93DF-3FA269F7106E}.Release|Any CPU.Build.0 = Release|Any CPU
	EndGlobalSection
	GlobalSection(SolutionProperties) = preSolution
		HideSolutionNode = FALSE
	EndGlobalSection
	GlobalSection(NestedProjects) = preSolution
		{78CF443F-A86E-4916-8E38-BCB127868C2A} = {BF2ED3F7-1BFF-45BF-A357-A633414EC348}
		{B1573E3A-0AFE-40B6-8D14-1FE1B0EFB1AE} = {78CF443F-A86E-4916-8E38-BCB127868C2A}
		{37B0BAFC-F9C3-4139-9150-4F4E3151029D} = {78CF443F-A86E-4916-8E38-BCB127868C2A}
		{332DCB7C-A0B8-4130-BDFB-46EEB258D64F} = {78CF443F-A86E-4916-8E38-BCB127868C2A}
		{633E478D-8384-459D-B7F9-8FE168415E03} = {78CF443F-A86E-4916-8E38-BCB127868C2A}
		{DB51E3AC-A7A2-41E7-9DDB-E0685972A5C0} = {78CF443F-A86E-4916-8E38-BCB127868C2A}
		{09C08D4D-DD37-4018-93C6-995D9BDFCED5} = {BF2ED3F7-1BFF-45BF-A357-A633414EC348}
		{CAE184FD-74F8-4EE1-AE45-A311D29B9167} = {09C08D4D-DD37-4018-93C6-995D9BDFCED5}
		{4868F492-EA29-4ECD-A53F-C8924491C1E6} = {09C08D4D-DD37-4018-93C6-995D9BDFCED5}
		{B7C2E615-D24E-40A9-87A5-8991F39FF8DD} = {09C08D4D-DD37-4018-93C6-995D9BDFCED5}
		{25DC8EFD-DB02-4736-BD21-398973325763} = {09C08D4D-DD37-4018-93C6-995D9BDFCED5}
		{170D64A4-EEC6-4923-93DF-3FA269F7106E} = {09C08D4D-DD37-4018-93C6-995D9BDFCED5}
	EndGlobalSection
	GlobalSection(ExtensibilityGlobals) = postSolution
		SolutionGuid = {B362F76C-A0D0-49FC-9193-EB84DB1EBCBE}
	EndGlobalSection
EndGlobal
