
Microsoft Visual Studio Solution File, Format Version 12.00
# Visual Studio Version 17
VisualStudioVersion = 17.8.34316.72
MinimumVisualStudioVersion = 10.0.40219.1
Project("{2150E333-8FDC-42A3-9474-1A3956D46DE8}") = "src", "src", "{BF2ED3F7-1BFF-45BF-A357-A633414EC348}"
EndProject
Project("{2150E333-8FDC-42A3-9474-1A3956D46DE8}") = "GameGate.Authorization", "GameGate.Authorization", "{78CF443F-A86E-4916-8E38-BCB127868C2A}"
EndProject
Project("{9A19103F-16F7-4668-BE54-9A1E7A4F7556}") = "Application", "src\GameGate.Authorization\Application\Application.csproj", "{B1573E3A-0AFE-40B6-8D14-1FE1B0EFB1AE}"
EndProject
Project("{9A19103F-16F7-4668-BE54-9A1E7A4F7556}") = "Domain", "src\GameGate.Authorization\Domain\Domain.csproj", "{37B0BAFC-F9C3-4139-9150-4F4E3151029D}"
EndProject
Project("{9A19103F-16F7-4668-BE54-9A1E7A4F7556}") = "Infrastructure", "src\GameGate.Authorization\Infrastructure\Infrastructure.csproj", "{332DCB7C-A0B8-4130-BDFB-46EEB258D64F}"
EndProject
Project("{9A19103F-16F7-4668-BE54-9A1E7A4F7556}") = "Web", "src\GameGate.Authorization\Web\Web.csproj", "{633E478D-8384-459D-B7F9-8FE168415E03}"
EndProject
Project("{9A19103F-16F7-4668-BE54-9A1E7A4F7556}") = "Presentation", "src\GameGate.Authorization\Presentation\Presentation.csproj", "{DB51E3AC-A7A2-41E7-9DDB-E0685972A5C0}"
EndProject
Project("{2150E333-8FDC-42A3-9474-1A3956D46DE8}") = "GameGate.Games", "GameGate.Games", "{09C08D4D-DD37-4018-93C6-995D9BDFCED5}"
EndProject
Project("{9A19103F-16F7-4668-BE54-9A1E7A4F7556}") = "Domain", "src\GameGate.Games\Domain\Domain.csproj", "{CAE184FD-74F8-4EE1-AE45-A311D29B9167}"
EndProject
Project("{9A19103F-16F7-4668-BE54-9A1E7A4F7556}") = "Application", "src\GameGate.Games\Application\Application.csproj", "{4868F492-EA29-4ECD-A53F-C8924491C1E6}"
EndProject
Project("{9A19103F-16F7-4668-BE54-9A1E7A4F7556}") = "Infrastructure", "src\GameGate.Games\Infrastructure\Infrastructure.csproj", "{B7C2E615-D24E-40A9-87A5-8991F39FF8DD}"
EndProject
Project("{9A19103F-16F7-4668-BE54-9A1E7A4F7556}") = "Presentation", "src\GameGate.Games\Presentation\Presentation.csproj", "{25DC8EFD-DB02-4736-BD21-398973325763}"
EndProject
Project("{9A19103F-16F7-4668-BE54-9A1E7A4F7556}") = "Web", "src\GameGate.Games\Web\Web\Web.csproj", "{170D64A4-EEC6-4923-93DF-3FA269F7106E}"
EndProject
Project("{2150E333-8FDC-42A3-9474-1A3956D46DE8}") = "GameGate.Market", "GameGate.Market", "{E9B17463-8585-4A1B-AE8E-BAE6210D3094}"
EndProject
Project("{9A19103F-16F7-4668-BE54-9A1E7A4F7556}") = "Application", "src\GameGate.Market\Application\Application.csproj", "{95F937DA-7BF8-4D9E-9CEE-49B508705B5B}"
EndProject
Project("{9A19103F-16F7-4668-BE54-9A1E7A4F7556}") = "Domain", "src\GameGate.Market\Domain\Domain.csproj", "{D0245476-8BD1-4E5C-B236-90A6F26C816F}"
EndProject
Project("{9A19103F-16F7-4668-BE54-9A1E7A4F7556}") = "Infrastructure", "src\GameGate.Market\Infrastructure\Infrastructure.csproj", "{D043B33B-9667-4C14-8998-2FF8AC9F367F}"
EndProject
Project("{9A19103F-16F7-4668-BE54-9A1E7A4F7556}") = "Presentation", "src\GameGate.Market\Presentation\Presentation.csproj", "{16F91AC7-AD00-4D92-B006-091878BE9690}"
EndProject
Project("{9A19103F-16F7-4668-BE54-9A1E7A4F7556}") = "Web", "src\GameGate.Market\Web\Web.csproj", "{8A478036-6BCA-498A-8CB4-ACF321FCB27D}"
EndProject
Project("{2150E333-8FDC-42A3-9474-1A3956D46DE8}") = "GameGate.TelegramBot", "GameGate.TelegramBot", "{AB76CFF1-30E9-4E7F-9CF9-214982C8F925}"
EndProject
Project("{9A19103F-16F7-4668-BE54-9A1E7A4F7556}") = "Infrastructure", "src\GameGate.TelegramBot\Infrastructure\Infrastructure.csproj", "{BECA35A0-CE60-46DB-B66D-6A11970B7E83}"
EndProject
Project("{9A19103F-16F7-4668-BE54-9A1E7A4F7556}") = "Domain", "src\GameGate.TelegramBot\Domain\Domain.csproj", "{86B5057C-8176-4C46-990A-F98485B2A040}"
EndProject
Project("{9A19103F-16F7-4668-BE54-9A1E7A4F7556}") = "Application", "src\GameGate.TelegramBot\Bot\Application.csproj", "{07AAABCA-EC1F-4EEF-BF9B-38FF5F2C0424}"
EndProject
Project("{2150E333-8FDC-42A3-9474-1A3956D46DE8}") = "GameGate.Reactions", "GameGate.Reactions", "{0D48EBFD-9FE2-4A0D-9E06-77FED73D2834}"
EndProject
Project("{9A19103F-16F7-4668-BE54-9A1E7A4F7556}") = "Web", "src\GameGate.Reactions&Reviews\Web\Web.csproj", "{CCB68FC0-FD60-401B-9AF7-ED5E794DE1CF}"
EndProject
Project("{9A19103F-16F7-4668-BE54-9A1E7A4F7556}") = "Application", "src\GameGate.Reactions&Reviews\Application\Application.csproj", "{71B2944B-8A5E-4CBA-A0AD-BF7C00195572}"
EndProject
Project("{FAE04EC0-301F-11D3-BF4B-00C04F79EFBC}") = "Domain", "src\GameGate.Reactions&Reviews\Domain\Domain.csproj", "{E3C080A1-3E4A-4198-9C41-A17F66D67494}"
EndProject
Project("{FAE04EC0-301F-11D3-BF4B-00C04F79EFBC}") = "Infrastructure", "src\GameGate.Reactions&Reviews\Infrastructure\Infrastructure.csproj", "{79735E81-9042-44C6-BC96-2EA0B4A8A0D2}"
EndProject
Project("{FAE04EC0-301F-11D3-BF4B-00C04F79EFBC}") = "Presentation", "src\GameGate.Reactions&Reviews\Presentation\Presentation.csproj", "{A5907BE8-8586-493C-843C-91825DE93DF7}"
EndProject
Global
	GlobalSection(SolutionConfigurationPlatforms) = preSolution
		Debug|Any CPU = Debug|Any CPU
		Release|Any CPU = Release|Any CPU
	EndGlobalSection
	GlobalSection(ProjectConfigurationPlatforms) = postSolution
		{B1573E3A-0AFE-40B6-8D14-1FE1B0EFB1AE}.Debug|Any CPU.ActiveCfg = Debug|Any CPU
		{B1573E3A-0AFE-40B6-8D14-1FE1B0EFB1AE}.Debug|Any CPU.Build.0 = Debug|Any CPU
		{B1573E3A-0AFE-40B6-8D14-1FE1B0EFB1AE}.Release|Any CPU.ActiveCfg = Release|Any CPU
		{B1573E3A-0AFE-40B6-8D14-1FE1B0EFB1AE}.Release|Any CPU.Build.0 = Release|Any CPU
		{37B0BAFC-F9C3-4139-9150-4F4E3151029D}.Debug|Any CPU.ActiveCfg = Debug|Any CPU
		{37B0BAFC-F9C3-4139-9150-4F4E3151029D}.Debug|Any CPU.Build.0 = Debug|Any CPU
		{37B0BAFC-F9C3-4139-9150-4F4E3151029D}.Release|Any CPU.ActiveCfg = Release|Any CPU
		{37B0BAFC-F9C3-4139-9150-4F4E3151029D}.Release|Any CPU.Build.0 = Release|Any CPU
		{332DCB7C-A0B8-4130-BDFB-46EEB258D64F}.Debug|Any CPU.ActiveCfg = Debug|Any CPU
		{332DCB7C-A0B8-4130-BDFB-46EEB258D64F}.Debug|Any CPU.Build.0 = Debug|Any CPU
		{332DCB7C-A0B8-4130-BDFB-46EEB258D64F}.Release|Any CPU.ActiveCfg = Release|Any CPU
		{332DCB7C-A0B8-4130-BDFB-46EEB258D64F}.Release|Any CPU.Build.0 = Release|Any CPU
		{633E478D-8384-459D-B7F9-8FE168415E03}.Debug|Any CPU.ActiveCfg = Debug|Any CPU
		{633E478D-8384-459D-B7F9-8FE168415E03}.Debug|Any CPU.Build.0 = Debug|Any CPU
		{633E478D-8384-459D-B7F9-8FE168415E03}.Release|Any CPU.ActiveCfg = Release|Any CPU
		{633E478D-8384-459D-B7F9-8FE168415E03}.Release|Any CPU.Build.0 = Release|Any CPU
		{DB51E3AC-A7A2-41E7-9DDB-E0685972A5C0}.Debug|Any CPU.ActiveCfg = Debug|Any CPU
		{DB51E3AC-A7A2-41E7-9DDB-E0685972A5C0}.Debug|Any CPU.Build.0 = Debug|Any CPU
		{DB51E3AC-A7A2-41E7-9DDB-E0685972A5C0}.Release|Any CPU.ActiveCfg = Release|Any CPU
		{DB51E3AC-A7A2-41E7-9DDB-E0685972A5C0}.Release|Any CPU.Build.0 = Release|Any CPU
		{CAE184FD-74F8-4EE1-AE45-A311D29B9167}.Debug|Any CPU.ActiveCfg = Debug|Any CPU
		{CAE184FD-74F8-4EE1-AE45-A311D29B9167}.Debug|Any CPU.Build.0 = Debug|Any CPU
		{CAE184FD-74F8-4EE1-AE45-A311D29B9167}.Release|Any CPU.ActiveCfg = Release|Any CPU
		{CAE184FD-74F8-4EE1-AE45-A311D29B9167}.Release|Any CPU.Build.0 = Release|Any CPU
		{4868F492-EA29-4ECD-A53F-C8924491C1E6}.Debug|Any CPU.ActiveCfg = Debug|Any CPU
		{4868F492-EA29-4ECD-A53F-C8924491C1E6}.Debug|Any CPU.Build.0 = Debug|Any CPU
		{4868F492-EA29-4ECD-A53F-C8924491C1E6}.Release|Any CPU.ActiveCfg = Release|Any CPU
		{4868F492-EA29-4ECD-A53F-C8924491C1E6}.Release|Any CPU.Build.0 = Release|Any CPU
		{B7C2E615-D24E-40A9-87A5-8991F39FF8DD}.Debug|Any CPU.ActiveCfg = Debug|Any CPU
		{B7C2E615-D24E-40A9-87A5-8991F39FF8DD}.Debug|Any CPU.Build.0 = Debug|Any CPU
		{B7C2E615-D24E-40A9-87A5-8991F39FF8DD}.Release|Any CPU.ActiveCfg = Release|Any CPU
		{B7C2E615-D24E-40A9-87A5-8991F39FF8DD}.Release|Any CPU.Build.0 = Release|Any CPU
		{25DC8EFD-DB02-4736-BD21-398973325763}.Debug|Any CPU.ActiveCfg = Debug|Any CPU
		{25DC8EFD-DB02-4736-BD21-398973325763}.Debug|Any CPU.Build.0 = Debug|Any CPU
		{25DC8EFD-DB02-4736-BD21-398973325763}.Release|Any CPU.ActiveCfg = Release|Any CPU
		{25DC8EFD-DB02-4736-BD21-398973325763}.Release|Any CPU.Build.0 = Release|Any CPU
		{170D64A4-EEC6-4923-93DF-3FA269F7106E}.Debug|Any CPU.ActiveCfg = Debug|Any CPU
		{170D64A4-EEC6-4923-93DF-3FA269F7106E}.Debug|Any CPU.Build.0 = Debug|Any CPU
		{170D64A4-EEC6-4923-93DF-3FA269F7106E}.Release|Any CPU.ActiveCfg = Release|Any CPU
		{170D64A4-EEC6-4923-93DF-3FA269F7106E}.Release|Any CPU.Build.0 = Release|Any CPU
		{95F937DA-7BF8-4D9E-9CEE-49B508705B5B}.Debug|Any CPU.ActiveCfg = Debug|Any CPU
		{95F937DA-7BF8-4D9E-9CEE-49B508705B5B}.Debug|Any CPU.Build.0 = Debug|Any CPU
		{95F937DA-7BF8-4D9E-9CEE-49B508705B5B}.Release|Any CPU.ActiveCfg = Release|Any CPU
		{95F937DA-7BF8-4D9E-9CEE-49B508705B5B}.Release|Any CPU.Build.0 = Release|Any CPU
		{D0245476-8BD1-4E5C-B236-90A6F26C816F}.Debug|Any CPU.ActiveCfg = Debug|Any CPU
		{D0245476-8BD1-4E5C-B236-90A6F26C816F}.Debug|Any CPU.Build.0 = Debug|Any CPU
		{D0245476-8BD1-4E5C-B236-90A6F26C816F}.Release|Any CPU.ActiveCfg = Release|Any CPU
		{D0245476-8BD1-4E5C-B236-90A6F26C816F}.Release|Any CPU.Build.0 = Release|Any CPU
		{D043B33B-9667-4C14-8998-2FF8AC9F367F}.Debug|Any CPU.ActiveCfg = Debug|Any CPU
		{D043B33B-9667-4C14-8998-2FF8AC9F367F}.Debug|Any CPU.Build.0 = Debug|Any CPU
		{D043B33B-9667-4C14-8998-2FF8AC9F367F}.Release|Any CPU.ActiveCfg = Release|Any CPU
		{D043B33B-9667-4C14-8998-2FF8AC9F367F}.Release|Any CPU.Build.0 = Release|Any CPU
		{16F91AC7-AD00-4D92-B006-091878BE9690}.Debug|Any CPU.ActiveCfg = Debug|Any CPU
		{16F91AC7-AD00-4D92-B006-091878BE9690}.Debug|Any CPU.Build.0 = Debug|Any CPU
		{16F91AC7-AD00-4D92-B006-091878BE9690}.Release|Any CPU.ActiveCfg = Release|Any CPU
		{16F91AC7-AD00-4D92-B006-091878BE9690}.Release|Any CPU.Build.0 = Release|Any CPU
		{8A478036-6BCA-498A-8CB4-ACF321FCB27D}.Debug|Any CPU.ActiveCfg = Debug|Any CPU
		{8A478036-6BCA-498A-8CB4-ACF321FCB27D}.Debug|Any CPU.Build.0 = Debug|Any CPU
		{8A478036-6BCA-498A-8CB4-ACF321FCB27D}.Release|Any CPU.ActiveCfg = Release|Any CPU
		{8A478036-6BCA-498A-8CB4-ACF321FCB27D}.Release|Any CPU.Build.0 = Release|Any CPU
		{BECA35A0-CE60-46DB-B66D-6A11970B7E83}.Debug|Any CPU.ActiveCfg = Debug|Any CPU
		{BECA35A0-CE60-46DB-B66D-6A11970B7E83}.Debug|Any CPU.Build.0 = Debug|Any CPU
		{BECA35A0-CE60-46DB-B66D-6A11970B7E83}.Release|Any CPU.ActiveCfg = Release|Any CPU
		{BECA35A0-CE60-46DB-B66D-6A11970B7E83}.Release|Any CPU.Build.0 = Release|Any CPU
		{86B5057C-8176-4C46-990A-F98485B2A040}.Debug|Any CPU.ActiveCfg = Debug|Any CPU
		{86B5057C-8176-4C46-990A-F98485B2A040}.Debug|Any CPU.Build.0 = Debug|Any CPU
		{86B5057C-8176-4C46-990A-F98485B2A040}.Release|Any CPU.ActiveCfg = Release|Any CPU
		{86B5057C-8176-4C46-990A-F98485B2A040}.Release|Any CPU.Build.0 = Release|Any CPU
		{07AAABCA-EC1F-4EEF-BF9B-38FF5F2C0424}.Debug|Any CPU.ActiveCfg = Debug|Any CPU
		{07AAABCA-EC1F-4EEF-BF9B-38FF5F2C0424}.Debug|Any CPU.Build.0 = Debug|Any CPU
		{07AAABCA-EC1F-4EEF-BF9B-38FF5F2C0424}.Release|Any CPU.ActiveCfg = Release|Any CPU
		{07AAABCA-EC1F-4EEF-BF9B-38FF5F2C0424}.Release|Any CPU.Build.0 = Release|Any CPU
		{CCB68FC0-FD60-401B-9AF7-ED5E794DE1CF}.Debug|Any CPU.ActiveCfg = Debug|Any CPU
		{CCB68FC0-FD60-401B-9AF7-ED5E794DE1CF}.Debug|Any CPU.Build.0 = Debug|Any CPU
		{CCB68FC0-FD60-401B-9AF7-ED5E794DE1CF}.Release|Any CPU.ActiveCfg = Release|Any CPU
		{CCB68FC0-FD60-401B-9AF7-ED5E794DE1CF}.Release|Any CPU.Build.0 = Release|Any CPU
		{71B2944B-8A5E-4CBA-A0AD-BF7C00195572}.Debug|Any CPU.ActiveCfg = Debug|Any CPU
		{71B2944B-8A5E-4CBA-A0AD-BF7C00195572}.Debug|Any CPU.Build.0 = Debug|Any CPU
		{71B2944B-8A5E-4CBA-A0AD-BF7C00195572}.Release|Any CPU.ActiveCfg = Release|Any CPU
		{71B2944B-8A5E-4CBA-A0AD-BF7C00195572}.Release|Any CPU.Build.0 = Release|Any CPU
		{E3C080A1-3E4A-4198-9C41-A17F66D67494}.Debug|Any CPU.ActiveCfg = Debug|Any CPU
		{E3C080A1-3E4A-4198-9C41-A17F66D67494}.Debug|Any CPU.Build.0 = Debug|Any CPU
		{E3C080A1-3E4A-4198-9C41-A17F66D67494}.Release|Any CPU.ActiveCfg = Release|Any CPU
		{E3C080A1-3E4A-4198-9C41-A17F66D67494}.Release|Any CPU.Build.0 = Release|Any CPU
		{79735E81-9042-44C6-BC96-2EA0B4A8A0D2}.Debug|Any CPU.ActiveCfg = Debug|Any CPU
		{79735E81-9042-44C6-BC96-2EA0B4A8A0D2}.Debug|Any CPU.Build.0 = Debug|Any CPU
		{79735E81-9042-44C6-BC96-2EA0B4A8A0D2}.Release|Any CPU.ActiveCfg = Release|Any CPU
		{79735E81-9042-44C6-BC96-2EA0B4A8A0D2}.Release|Any CPU.Build.0 = Release|Any CPU
		{A5907BE8-8586-493C-843C-91825DE93DF7}.Debug|Any CPU.ActiveCfg = Debug|Any CPU
		{A5907BE8-8586-493C-843C-91825DE93DF7}.Debug|Any CPU.Build.0 = Debug|Any CPU
		{A5907BE8-8586-493C-843C-91825DE93DF7}.Release|Any CPU.ActiveCfg = Release|Any CPU
		{A5907BE8-8586-493C-843C-91825DE93DF7}.Release|Any CPU.Build.0 = Release|Any CPU
	EndGlobalSection
	GlobalSection(SolutionProperties) = preSolution
		HideSolutionNode = FALSE
	EndGlobalSection
	GlobalSection(NestedProjects) = preSolution
		{78CF443F-A86E-4916-8E38-BCB127868C2A} = {BF2ED3F7-1BFF-45BF-A357-A633414EC348}
		{B1573E3A-0AFE-40B6-8D14-1FE1B0EFB1AE} = {78CF443F-A86E-4916-8E38-BCB127868C2A}
		{37B0BAFC-F9C3-4139-9150-4F4E3151029D} = {78CF443F-A86E-4916-8E38-BCB127868C2A}
		{332DCB7C-A0B8-4130-BDFB-46EEB258D64F} = {78CF443F-A86E-4916-8E38-BCB127868C2A}
		{633E478D-8384-459D-B7F9-8FE168415E03} = {78CF443F-A86E-4916-8E38-BCB127868C2A}
		{DB51E3AC-A7A2-41E7-9DDB-E0685972A5C0} = {78CF443F-A86E-4916-8E38-BCB127868C2A}
		{09C08D4D-DD37-4018-93C6-995D9BDFCED5} = {BF2ED3F7-1BFF-45BF-A357-A633414EC348}
		{CAE184FD-74F8-4EE1-AE45-A311D29B9167} = {09C08D4D-DD37-4018-93C6-995D9BDFCED5}
		{4868F492-EA29-4ECD-A53F-C8924491C1E6} = {09C08D4D-DD37-4018-93C6-995D9BDFCED5}
		{B7C2E615-D24E-40A9-87A5-8991F39FF8DD} = {09C08D4D-DD37-4018-93C6-995D9BDFCED5}
		{25DC8EFD-DB02-4736-BD21-398973325763} = {09C08D4D-DD37-4018-93C6-995D9BDFCED5}
		{170D64A4-EEC6-4923-93DF-3FA269F7106E} = {09C08D4D-DD37-4018-93C6-995D9BDFCED5}
		{E9B17463-8585-4A1B-AE8E-BAE6210D3094} = {BF2ED3F7-1BFF-45BF-A357-A633414EC348}
		{95F937DA-7BF8-4D9E-9CEE-49B508705B5B} = {E9B17463-8585-4A1B-AE8E-BAE6210D3094}
		{D0245476-8BD1-4E5C-B236-90A6F26C816F} = {E9B17463-8585-4A1B-AE8E-BAE6210D3094}
		{D043B33B-9667-4C14-8998-2FF8AC9F367F} = {E9B17463-8585-4A1B-AE8E-BAE6210D3094}
		{16F91AC7-AD00-4D92-B006-091878BE9690} = {E9B17463-8585-4A1B-AE8E-BAE6210D3094}
		{8A478036-6BCA-498A-8CB4-ACF321FCB27D} = {E9B17463-8585-4A1B-AE8E-BAE6210D3094}
		{AB76CFF1-30E9-4E7F-9CF9-214982C8F925} = {BF2ED3F7-1BFF-45BF-A357-A633414EC348}
		{BECA35A0-CE60-46DB-B66D-6A11970B7E83} = {AB76CFF1-30E9-4E7F-9CF9-214982C8F925}
		{86B5057C-8176-4C46-990A-F98485B2A040} = {AB76CFF1-30E9-4E7F-9CF9-214982C8F925}
		{07AAABCA-EC1F-4EEF-BF9B-38FF5F2C0424} = {AB76CFF1-30E9-4E7F-9CF9-214982C8F925}
		{0D48EBFD-9FE2-4A0D-9E06-77FED73D2834} = {BF2ED3F7-1BFF-45BF-A357-A633414EC348}
		{CCB68FC0-FD60-401B-9AF7-ED5E794DE1CF} = {0D48EBFD-9FE2-4A0D-9E06-77FED73D2834}
		{71B2944B-8A5E-4CBA-A0AD-BF7C00195572} = {0D48EBFD-9FE2-4A0D-9E06-77FED73D2834}
		{E3C080A1-3E4A-4198-9C41-A17F66D67494} = {0D48EBFD-9FE2-4A0D-9E06-77FED73D2834}
		{79735E81-9042-44C6-BC96-2EA0B4A8A0D2} = {0D48EBFD-9FE2-4A0D-9E06-77FED73D2834}
		{A5907BE8-8586-493C-843C-91825DE93DF7} = {0D48EBFD-9FE2-4A0D-9E06-77FED73D2834}
	EndGlobalSection
	GlobalSection(ExtensibilityGlobals) = postSolution
		SolutionGuid = {B362F76C-A0D0-49FC-9193-EB84DB1EBCBE}
	EndGlobalSection
EndGlobal
